
Microsoft Visual Studio Solution File, Format Version 12.00
# Visual Studio Version 16
VisualStudioVersion = 16.0.30114.105
MinimumVisualStudioVersion = 10.0.40219.1
Project("{FAE04EC0-301F-11D3-BF4B-00C04F79EFBC}") = "WordLadders", "WordLadders\WordLadders.csproj", "{E7D108A5-9B38-4348-997F-24538800D3D4}"
EndProject
Project("{FAE04EC0-301F-11D3-BF4B-00C04F79EFBC}") = "WordLadders.Tests", "WordLadders.Tests\WordLadders.Tests.csproj", "{C4825A78-8126-440B-B8F1-B2D68D493FF0}"
EndProject
Global
	GlobalSection(SolutionConfigurationPlatforms) = preSolution
		Debug|Any CPU = Debug|Any CPU
		Debug|x64 = Debug|x64
		Debug|x86 = Debug|x86
		Release|Any CPU = Release|Any CPU
		Release|x64 = Release|x64
		Release|x86 = Release|x86
	EndGlobalSection
	GlobalSection(SolutionProperties) = preSolution
		HideSolutionNode = FALSE
	EndGlobalSection
	GlobalSection(ProjectConfigurationPlatforms) = postSolution
		{E7D108A5-9B38-4348-997F-24538800D3D4}.Debug|Any CPU.ActiveCfg = Debug|Any CPU
		{E7D108A5-9B38-4348-997F-24538800D3D4}.Debug|Any CPU.Build.0 = Debug|Any CPU
		{E7D108A5-9B38-4348-997F-24538800D3D4}.Debug|x64.ActiveCfg = Debug|Any CPU
		{E7D108A5-9B38-4348-997F-24538800D3D4}.Debug|x64.Build.0 = Debug|Any CPU
		{E7D108A5-9B38-4348-997F-24538800D3D4}.Debug|x86.ActiveCfg = Debug|Any CPU
		{E7D108A5-9B38-4348-997F-24538800D3D4}.Debug|x86.Build.0 = Debug|Any CPU
		{E7D108A5-9B38-4348-997F-24538800D3D4}.Release|Any CPU.ActiveCfg = Release|Any CPU
		{E7D108A5-9B38-4348-997F-24538800D3D4}.Release|Any CPU.Build.0 = Release|Any CPU
		{E7D108A5-9B38-4348-997F-24538800D3D4}.Release|x64.ActiveCfg = Release|Any CPU
		{E7D108A5-9B38-4348-997F-24538800D3D4}.Release|x64.Build.0 = Release|Any CPU
		{E7D108A5-9B38-4348-997F-24538800D3D4}.Release|x86.ActiveCfg = Release|Any CPU
		{E7D108A5-9B38-4348-997F-24538800D3D4}.Release|x86.Build.0 = Release|Any CPU
		{C4825A78-8126-440B-B8F1-B2D68D493FF0}.Debug|Any CPU.ActiveCfg = Debug|Any CPU
		{C4825A78-8126-440B-B8F1-B2D68D493FF0}.Debug|Any CPU.Build.0 = Debug|Any CPU
		{C4825A78-8126-440B-B8F1-B2D68D493FF0}.Debug|x64.ActiveCfg = Debug|Any CPU
		{C4825A78-8126-440B-B8F1-B2D68D493FF0}.Debug|x64.Build.0 = Debug|Any CPU
		{C4825A78-8126-440B-B8F1-B2D68D493FF0}.Debug|x86.ActiveCfg = Debug|Any CPU
		{C4825A78-8126-440B-B8F1-B2D68D493FF0}.Debug|x86.Build.0 = Debug|Any CPU
		{C4825A78-8126-440B-B8F1-B2D68D493FF0}.Release|Any CPU.ActiveCfg = Release|Any CPU
		{C4825A78-8126-440B-B8F1-B2D68D493FF0}.Release|Any CPU.Build.0 = Release|Any CPU
		{C4825A78-8126-440B-B8F1-B2D68D493FF0}.Release|x64.ActiveCfg = Release|Any CPU
		{C4825A78-8126-440B-B8F1-B2D68D493FF0}.Release|x64.Build.0 = Release|Any CPU
		{C4825A78-8126-440B-B8F1-B2D68D493FF0}.Release|x86.ActiveCfg = Release|Any CPU
		{C4825A78-8126-440B-B8F1-B2D68D493FF0}.Release|x86.Build.0 = Release|Any CPU
	EndGlobalSection
EndGlobal
